
Microsoft Visual Studio Solution File, Format Version 12.00
# Visual Studio Version 17
VisualStudioVersion = 17.0.31903.59
MinimumVisualStudioVersion = 10.0.40219.1
Project("{FAE04EC0-301F-11D3-BF4B-00C04F79EFBC}") = "WpfЗадание 7. Команды", "WpfЗадание 7. Команды\WpfЗадание 7. Команды.csproj", "{738621A9-83A6-46AC-B022-DD6C78FE9EDB}"
EndProject
Global
	GlobalSection(SolutionConfigurationPlatforms) = preSolution
		Debug|Any CPU = Debug|Any CPU
		Release|Any CPU = Release|Any CPU
	EndGlobalSection
	GlobalSection(ProjectConfigurationPlatforms) = postSolution
		{738621A9-83A6-46AC-B022-DD6C78FE9EDB}.Debug|Any CPU.ActiveCfg = Debug|Any CPU
		{738621A9-83A6-46AC-B022-DD6C78FE9EDB}.Debug|Any CPU.Build.0 = Debug|Any CPU
		{738621A9-83A6-46AC-B022-DD6C78FE9EDB}.Release|Any CPU.ActiveCfg = Release|Any CPU
		{738621A9-83A6-46AC-B022-DD6C78FE9EDB}.Release|Any CPU.Build.0 = Release|Any CPU
	EndGlobalSection
	GlobalSection(SolutionProperties) = preSolution
		HideSolutionNode = FALSE
	EndGlobalSection
	GlobalSection(ExtensibilityGlobals) = postSolution
		SolutionGuid = {95B647C7-2E49-431F-BC17-B3BB4739182C}
	EndGlobalSection
EndGlobal
